Microsoft Visual Studio Solution File, Format Version 10.00
# Visual Studio 2008
Project("{F184B08F-C81C-45F6-A57F-5ABD9991F28F}") = "DC_AppProtector", "DC_AppProtector.vbproj", "{2D9573F4-3BB1-492C-9020-1E681FB22334}"
EndProject
Global
	GlobalSection(SolutionConfigurationPlatforms) = preSolution
		Debug|Any CPU = Debug|Any CPU
		Release|Any CPU = Release|Any CPU
	EndGlobalSection
	GlobalSection(ProjectConfigurationPlatforms) = postSolution
		{2D9573F4-3BB1-492C-9020-1E681FB22334}.Debug|Any CPU.ActiveCfg = Debug|Any CPU
		{2D9573F4-3BB1-492C-9020-1E681FB22334}.Debug|Any CPU.Build.0 = Debug|Any CPU
		{2D9573F4-3BB1-492C-9020-1E681FB22334}.Release|Any CPU.ActiveCfg = Debug|Any CPU
		{2D9573F4-3BB1-492C-9020-1E681FB22334}.Release|Any CPU.Build.0 = Debug|Any CPU
	EndGlobalSection
	GlobalSection(SolutionProperties) = preSolution
		HideSolutionNode = FALSE
	EndGlobalSection
EndGlobal
